
Microsoft Visual Studio Solution File, Format Version 12.00
# Visual Studio Version 17
VisualStudioVersion = 17.0.32014.148
MinimumVisualStudioVersion = 10.0.40219.1
Project("{FAE04EC0-301F-11D3-BF4B-00C04F79EFBC}") = "Задание 1", "Задание 1.csproj", "{A659C029-4AC7-4A1D-BEE5-6AD350F69842}"
EndProject
Global
	GlobalSection(SolutionConfigurationPlatforms) = preSolution
		Debug|Any CPU = Debug|Any CPU
		Release|Any CPU = Release|Any CPU
	EndGlobalSection
	GlobalSection(ProjectConfigurationPlatforms) = postSolution
		{A659C029-4AC7-4A1D-BEE5-6AD350F69842}.Debug|Any CPU.ActiveCfg = Debug|Any CPU
		{A659C029-4AC7-4A1D-BEE5-6AD350F69842}.Debug|Any CPU.Build.0 = Debug|Any CPU
		{A659C029-4AC7-4A1D-BEE5-6AD350F69842}.Release|Any CPU.ActiveCfg = Release|Any CPU
		{A659C029-4AC7-4A1D-BEE5-6AD350F69842}.Release|Any CPU.Build.0 = Release|Any CPU
	EndGlobalSection
	GlobalSection(SolutionProperties) = preSolution
		HideSolutionNode = FALSE
	EndGlobalSection
	GlobalSection(ExtensibilityGlobals) = postSolution
		SolutionGuid = {9DB90C4F-7880-4107-9586-4F198A6C1DE1}
	EndGlobalSection
EndGlobal
